
Microsoft Visual Studio Solution File, Format Version 12.00
# Visual Studio Version 16
VisualStudioVersion = 16.0.30804.86
MinimumVisualStudioVersion = 10.0.40219.1
Project("{FAE04EC0-301F-11D3-BF4B-00C04F79EFBC}") = "CircleGameApi", "CircleGameApi\CircleGameApi.csproj", "{D860100F-D108-48E3-96B8-2805D5DDCB47}"
EndProject
Project("{FAE04EC0-301F-11D3-BF4B-00C04F79EFBC}") = "CircleGame", "CircleGame\CircleGame.csproj", "{B6F8C97F-88EB-4D2B-B4A0-08E6F263A032}"
EndProject
Project("{FAE04EC0-301F-11D3-BF4B-00C04F79EFBC}") = "CommonClasses", "CommonClasses\CommonClasses.csproj", "{9EEE630D-CF18-4639-A5E9-51584D36EB0C}"
EndProject
Global
	GlobalSection(SolutionConfigurationPlatforms) = preSolution
		Debug|Any CPU = Debug|Any CPU
		Release|Any CPU = Release|Any CPU
	EndGlobalSection
	GlobalSection(ProjectConfigurationPlatforms) = postSolution
		{FCC821CC-0D3E-4A56-A9C0-1C5CB0DE3CF6}.Debug|Any CPU.ActiveCfg = Debug|Any CPU
		{FCC821CC-0D3E-4A56-A9C0-1C5CB0DE3CF6}.Debug|Any CPU.Build.0 = Debug|Any CPU
		{FCC821CC-0D3E-4A56-A9C0-1C5CB0DE3CF6}.Release|Any CPU.ActiveCfg = Release|Any CPU
		{FCC821CC-0D3E-4A56-A9C0-1C5CB0DE3CF6}.Release|Any CPU.Build.0 = Release|Any CPU
		{D860100F-D108-48E3-96B8-2805D5DDCB47}.Debug|Any CPU.ActiveCfg = Debug|Any CPU
		{D860100F-D108-48E3-96B8-2805D5DDCB47}.Debug|Any CPU.Build.0 = Debug|Any CPU
		{D860100F-D108-48E3-96B8-2805D5DDCB47}.Release|Any CPU.ActiveCfg = Release|Any CPU
		{D860100F-D108-48E3-96B8-2805D5DDCB47}.Release|Any CPU.Build.0 = Release|Any CPU
		{B6F8C97F-88EB-4D2B-B4A0-08E6F263A032}.Debug|Any CPU.ActiveCfg = Debug|Any CPU
		{B6F8C97F-88EB-4D2B-B4A0-08E6F263A032}.Debug|Any CPU.Build.0 = Debug|Any CPU
		{B6F8C97F-88EB-4D2B-B4A0-08E6F263A032}.Release|Any CPU.ActiveCfg = Release|Any CPU
		{B6F8C97F-88EB-4D2B-B4A0-08E6F263A032}.Release|Any CPU.Build.0 = Release|Any CPU
		{9EEE630D-CF18-4639-A5E9-51584D36EB0C}.Debug|Any CPU.ActiveCfg = Debug|Any CPU
		{9EEE630D-CF18-4639-A5E9-51584D36EB0C}.Debug|Any CPU.Build.0 = Debug|Any CPU
		{9EEE630D-CF18-4639-A5E9-51584D36EB0C}.Release|Any CPU.ActiveCfg = Release|Any CPU
		{9EEE630D-CF18-4639-A5E9-51584D36EB0C}.Release|Any CPU.Build.0 = Release|Any CPU
	EndGlobalSection
	GlobalSection(SolutionProperties) = preSolution
		HideSolutionNode = FALSE
	EndGlobalSection
	GlobalSection(ExtensibilityGlobals) = postSolution
		SolutionGuid = {68F04CAA-975E-45D9-9294-257814CC497A}
	EndGlobalSection
EndGlobal
