
Microsoft Visual Studio Solution File, Format Version 12.00
# Visual Studio Version 16
VisualStudioVersion = 16.0.30804.86
MinimumVisualStudioVersion = 10.0.40219.1
Project("{9A19103F-16F7-4668-BE54-9A1E7A4F7556}") = "CircleGame", "Game2\CircleGame.csproj", "{FCC821CC-0D3E-4A56-A9C0-1C5CB0DE3CF6}"
EndProject
Global
	GlobalSection(SolutionConfigurationPlatforms) = preSolution
		Debug|Any CPU = Debug|Any CPU
		Release|Any CPU = Release|Any CPU
	EndGlobalSection
	GlobalSection(ProjectConfigurationPlatforms) = postSolution
		{FCC821CC-0D3E-4A56-A9C0-1C5CB0DE3CF6}.Debug|Any CPU.ActiveCfg = Debug|Any CPU
		{FCC821CC-0D3E-4A56-A9C0-1C5CB0DE3CF6}.Debug|Any CPU.Build.0 = Debug|Any CPU
		{FCC821CC-0D3E-4A56-A9C0-1C5CB0DE3CF6}.Release|Any CPU.ActiveCfg = Release|Any CPU
		{FCC821CC-0D3E-4A56-A9C0-1C5CB0DE3CF6}.Release|Any CPU.Build.0 = Release|Any CPU
	EndGlobalSection
	GlobalSection(SolutionProperties) = preSolution
		HideSolutionNode = FALSE
	EndGlobalSection
	GlobalSection(ExtensibilityGlobals) = postSolution
		SolutionGuid = {68F04CAA-975E-45D9-9294-257814CC497A}
	EndGlobalSection
EndGlobal
